
Microsoft Visual Studio Solution File, Format Version 12.00
# Visual Studio Version 17
VisualStudioVersion = 17.11.35327.3
MinimumVisualStudioVersion = 10.0.40219.1
Project("{FAE04EC0-301F-11D3-BF4B-00C04F79EFBC}") = "Shared", "Shared\Shared.csproj", "{B4D440D0-5381-4351-9D68-5352A79D3EE5}"
EndProject
Project("{FAE04EC0-301F-11D3-BF4B-00C04F79EFBC}") = "DenModerneProduktion", "DenModerneProduktion\DenModerneProduktion.csproj", "{8168BBB5-C34A-43DD-95F8-FE8A148E6EB7}"
EndProject
Project("{FAE04EC0-301F-11D3-BF4B-00C04F79EFBC}") = "SystemAPI", "SystemAPI\SystemAPI.csproj", "{05256796-150E-45F1-AA75-BC5F51796CA4}"
EndProject
Global
	GlobalSection(SolutionConfigurationPlatforms) = preSolution
		Debug|Any CPU = Debug|Any CPU
		Release|Any CPU = Release|Any CPU
	EndGlobalSection
	GlobalSection(ProjectConfigurationPlatforms) = postSolution
		{B4D440D0-5381-4351-9D68-5352A79D3EE5}.Debug|Any CPU.ActiveCfg = Debug|Any CPU
		{B4D440D0-5381-4351-9D68-5352A79D3EE5}.Debug|Any CPU.Build.0 = Debug|Any CPU
		{B4D440D0-5381-4351-9D68-5352A79D3EE5}.Release|Any CPU.ActiveCfg = Release|Any CPU
		{B4D440D0-5381-4351-9D68-5352A79D3EE5}.Release|Any CPU.Build.0 = Release|Any CPU
		{8168BBB5-C34A-43DD-95F8-FE8A148E6EB7}.Debug|Any CPU.ActiveCfg = Debug|Any CPU
		{8168BBB5-C34A-43DD-95F8-FE8A148E6EB7}.Debug|Any CPU.Build.0 = Debug|Any CPU
		{8168BBB5-C34A-43DD-95F8-FE8A148E6EB7}.Release|Any CPU.ActiveCfg = Release|Any CPU
		{8168BBB5-C34A-43DD-95F8-FE8A148E6EB7}.Release|Any CPU.Build.0 = Release|Any CPU
		{05256796-150E-45F1-AA75-BC5F51796CA4}.Debug|Any CPU.ActiveCfg = Debug|Any CPU
		{05256796-150E-45F1-AA75-BC5F51796CA4}.Debug|Any CPU.Build.0 = Debug|Any CPU
		{05256796-150E-45F1-AA75-BC5F51796CA4}.Release|Any CPU.ActiveCfg = Release|Any CPU
		{05256796-150E-45F1-AA75-BC5F51796CA4}.Release|Any CPU.Build.0 = Release|Any CPU
	EndGlobalSection
	GlobalSection(SolutionProperties) = preSolution
		HideSolutionNode = FALSE
	EndGlobalSection
	GlobalSection(ExtensibilityGlobals) = postSolution
		SolutionGuid = {8EF54B18-E2C6-463E-805E-14BDCB3AF873}
	EndGlobalSection
EndGlobal
